
Microsoft Visual Studio Solution File, Format Version 12.00
# Visual Studio 15
VisualStudioVersion = 15.0.26124.0
MinimumVisualStudioVersion = 15.0.26124.0
Project("{2150E333-8FDC-42A3-9474-1A3956D46DE8}") = "src", "src", "{09B98441-4BFB-4A8D-841A-80B65B2BA957}"
EndProject
Project("{FAE04EC0-301F-11D3-BF4B-00C04F79EFBC}") = "Sample.Core.One", "src\Sample.Core.One\Sample.Core.One.csproj", "{A68FBB17-F395-4D2F-AFFC-B861FED59BB3}"
EndProject
Project("{FAE04EC0-301F-11D3-BF4B-00C04F79EFBC}") = "Sample.Core.Two", "src\Sample.Core.Two\Sample.Core.Two.csproj", "{C3174CF5-457B-4D2B-B545-ADBB252BFB43}"
EndProject
Project("{FAE04EC0-301F-11D3-BF4B-00C04F79EFBC}") = "Sample.Core.Three", "src\Sample.Core.Three\Sample.Core.Three.csproj", "{0BA191F6-A9B9-43C0-9471-19C4EC3FE24C}"
EndProject
Project("{2150E333-8FDC-42A3-9474-1A3956D46DE8}") = "tests", "tests", "{85223603-B96E-4782-9DAF-F190CB71DC21}"
EndProject
Project("{FAE04EC0-301F-11D3-BF4B-00C04F79EFBC}") = "Sample.Core.One.Tests", "tests\Sample.Core.One.Tests\Sample.Core.One.Tests.csproj", "{0FB2EE22-D8EC-439E-AE5C-659E601277B1}"
EndProject
Project("{FAE04EC0-301F-11D3-BF4B-00C04F79EFBC}") = "Sample.Core.Two.Tests", "tests\Sample.Core.Two.Tests\Sample.Core.Two.Tests.csproj", "{6C5261FC-54C2-4D23-A33E-080727473D7E}"
EndProject
Project("{FAE04EC0-301F-11D3-BF4B-00C04F79EFBC}") = "Sample.Core.Three.Tests", "tests\Sample.Core.Three.Tests\Sample.Core.Three.Tests.csproj", "{D842093D-4FD5-47FC-B935-4172F397A66F}"
EndProject
Global
	GlobalSection(SolutionConfigurationPlatforms) = preSolution
		Debug|Any CPU = Debug|Any CPU
		Debug|x64 = Debug|x64
		Debug|x86 = Debug|x86
		Release|Any CPU = Release|Any CPU
		Release|x64 = Release|x64
		Release|x86 = Release|x86
	EndGlobalSection
	GlobalSection(SolutionProperties) = preSolution
		HideSolutionNode = FALSE
	EndGlobalSection
	GlobalSection(ProjectConfigurationPlatforms) = postSolution
		{A68FBB17-F395-4D2F-AFFC-B861FED59BB3}.Debug|Any CPU.ActiveCfg = Debug|Any CPU
		{A68FBB17-F395-4D2F-AFFC-B861FED59BB3}.Debug|Any CPU.Build.0 = Debug|Any CPU
		{A68FBB17-F395-4D2F-AFFC-B861FED59BB3}.Debug|x64.ActiveCfg = Debug|Any CPU
		{A68FBB17-F395-4D2F-AFFC-B861FED59BB3}.Debug|x64.Build.0 = Debug|Any CPU
		{A68FBB17-F395-4D2F-AFFC-B861FED59BB3}.Debug|x86.ActiveCfg = Debug|Any CPU
		{A68FBB17-F395-4D2F-AFFC-B861FED59BB3}.Debug|x86.Build.0 = Debug|Any CPU
		{A68FBB17-F395-4D2F-AFFC-B861FED59BB3}.Release|Any CPU.ActiveCfg = Release|Any CPU
		{A68FBB17-F395-4D2F-AFFC-B861FED59BB3}.Release|Any CPU.Build.0 = Release|Any CPU
		{A68FBB17-F395-4D2F-AFFC-B861FED59BB3}.Release|x64.ActiveCfg = Release|Any CPU
		{A68FBB17-F395-4D2F-AFFC-B861FED59BB3}.Release|x64.Build.0 = Release|Any CPU
		{A68FBB17-F395-4D2F-AFFC-B861FED59BB3}.Release|x86.ActiveCfg = Release|Any CPU
		{A68FBB17-F395-4D2F-AFFC-B861FED59BB3}.Release|x86.Build.0 = Release|Any CPU
		{C3174CF5-457B-4D2B-B545-ADBB252BFB43}.Debug|Any CPU.ActiveCfg = Debug|Any CPU
		{C3174CF5-457B-4D2B-B545-ADBB252BFB43}.Debug|Any CPU.Build.0 = Debug|Any CPU
		{C3174CF5-457B-4D2B-B545-ADBB252BFB43}.Debug|x64.ActiveCfg = Debug|Any CPU
		{C3174CF5-457B-4D2B-B545-ADBB252BFB43}.Debug|x64.Build.0 = Debug|Any CPU
		{C3174CF5-457B-4D2B-B545-ADBB252BFB43}.Debug|x86.ActiveCfg = Debug|Any CPU
		{C3174CF5-457B-4D2B-B545-ADBB252BFB43}.Debug|x86.Build.0 = Debug|Any CPU
		{C3174CF5-457B-4D2B-B545-ADBB252BFB43}.Release|Any CPU.ActiveCfg = Release|Any CPU
		{C3174CF5-457B-4D2B-B545-ADBB252BFB43}.Release|Any CPU.Build.0 = Release|Any CPU
		{C3174CF5-457B-4D2B-B545-ADBB252BFB43}.Release|x64.ActiveCfg = Release|Any CPU
		{C3174CF5-457B-4D2B-B545-ADBB252BFB43}.Release|x64.Build.0 = Release|Any CPU
		{C3174CF5-457B-4D2B-B545-ADBB252BFB43}.Release|x86.ActiveCfg = Release|Any CPU
		{C3174CF5-457B-4D2B-B545-ADBB252BFB43}.Release|x86.Build.0 = Release|Any CPU
		{0BA191F6-A9B9-43C0-9471-19C4EC3FE24C}.Debug|Any CPU.ActiveCfg = Debug|Any CPU
		{0BA191F6-A9B9-43C0-9471-19C4EC3FE24C}.Debug|Any CPU.Build.0 = Debug|Any CPU
		{0BA191F6-A9B9-43C0-9471-19C4EC3FE24C}.Debug|x64.ActiveCfg = Debug|Any CPU
		{0BA191F6-A9B9-43C0-9471-19C4EC3FE24C}.Debug|x64.Build.0 = Debug|Any CPU
		{0BA191F6-A9B9-43C0-9471-19C4EC3FE24C}.Debug|x86.ActiveCfg = Debug|Any CPU
		{0BA191F6-A9B9-43C0-9471-19C4EC3FE24C}.Debug|x86.Build.0 = Debug|Any CPU
		{0BA191F6-A9B9-43C0-9471-19C4EC3FE24C}.Release|Any CPU.ActiveCfg = Release|Any CPU
		{0BA191F6-A9B9-43C0-9471-19C4EC3FE24C}.Release|Any CPU.Build.0 = Release|Any CPU
		{0BA191F6-A9B9-43C0-9471-19C4EC3FE24C}.Release|x64.ActiveCfg = Release|Any CPU
		{0BA191F6-A9B9-43C0-9471-19C4EC3FE24C}.Release|x64.Build.0 = Release|Any CPU
		{0BA191F6-A9B9-43C0-9471-19C4EC3FE24C}.Release|x86.ActiveCfg = Release|Any CPU
		{0BA191F6-A9B9-43C0-9471-19C4EC3FE24C}.Release|x86.Build.0 = Release|Any CPU
		{0FB2EE22-D8EC-439E-AE5C-659E601277B1}.Debug|Any CPU.ActiveCfg = Debug|Any CPU
		{0FB2EE22-D8EC-439E-AE5C-659E601277B1}.Debug|Any CPU.Build.0 = Debug|Any CPU
		{0FB2EE22-D8EC-439E-AE5C-659E601277B1}.Debug|x64.ActiveCfg = Debug|Any CPU
		{0FB2EE22-D8EC-439E-AE5C-659E601277B1}.Debug|x64.Build.0 = Debug|Any CPU
		{0FB2EE22-D8EC-439E-AE5C-659E601277B1}.Debug|x86.ActiveCfg = Debug|Any CPU
		{0FB2EE22-D8EC-439E-AE5C-659E601277B1}.Debug|x86.Build.0 = Debug|Any CPU
		{0FB2EE22-D8EC-439E-AE5C-659E601277B1}.Release|Any CPU.ActiveCfg = Release|Any CPU
		{0FB2EE22-D8EC-439E-AE5C-659E601277B1}.Release|Any CPU.Build.0 = Release|Any CPU
		{0FB2EE22-D8EC-439E-AE5C-659E601277B1}.Release|x64.ActiveCfg = Release|Any CPU
		{0FB2EE22-D8EC-439E-AE5C-659E601277B1}.Release|x64.Build.0 = Release|Any CPU
		{0FB2EE22-D8EC-439E-AE5C-659E601277B1}.Release|x86.ActiveCfg = Release|Any CPU
		{0FB2EE22-D8EC-439E-AE5C-659E601277B1}.Release|x86.Build.0 = Release|Any CPU
		{6C5261FC-54C2-4D23-A33E-080727473D7E}.Debug|Any CPU.ActiveCfg = Debug|Any CPU
		{6C5261FC-54C2-4D23-A33E-080727473D7E}.Debug|Any CPU.Build.0 = Debug|Any CPU
		{6C5261FC-54C2-4D23-A33E-080727473D7E}.Debug|x64.ActiveCfg = Debug|Any CPU
		{6C5261FC-54C2-4D23-A33E-080727473D7E}.Debug|x64.Build.0 = Debug|Any CPU
		{6C5261FC-54C2-4D23-A33E-080727473D7E}.Debug|x86.ActiveCfg = Debug|Any CPU
		{6C5261FC-54C2-4D23-A33E-080727473D7E}.Debug|x86.Build.0 = Debug|Any CPU
		{6C5261FC-54C2-4D23-A33E-080727473D7E}.Release|Any CPU.ActiveCfg = Release|Any CPU
		{6C5261FC-54C2-4D23-A33E-080727473D7E}.Release|Any CPU.Build.0 = Release|Any CPU
		{6C5261FC-54C2-4D23-A33E-080727473D7E}.Release|x64.ActiveCfg = Release|Any CPU
		{6C5261FC-54C2-4D23-A33E-080727473D7E}.Release|x64.Build.0 = Release|Any CPU
		{6C5261FC-54C2-4D23-A33E-080727473D7E}.Release|x86.ActiveCfg = Release|Any CPU
		{6C5261FC-54C2-4D23-A33E-080727473D7E}.Release|x86.Build.0 = Release|Any CPU
		{D842093D-4FD5-47FC-B935-4172F397A66F}.Debug|Any CPU.ActiveCfg = Debug|Any CPU
		{D842093D-4FD5-47FC-B935-4172F397A66F}.Debug|Any CPU.Build.0 = Debug|Any CPU
		{D842093D-4FD5-47FC-B935-4172F397A66F}.Debug|x64.ActiveCfg = Debug|Any CPU
		{D842093D-4FD5-47FC-B935-4172F397A66F}.Debug|x64.Build.0 = Debug|Any CPU
		{D842093D-4FD5-47FC-B935-4172F397A66F}.Debug|x86.ActiveCfg = Debug|Any CPU
		{D842093D-4FD5-47FC-B935-4172F397A66F}.Debug|x86.Build.0 = Debug|Any CPU
		{D842093D-4FD5-47FC-B935-4172F397A66F}.Release|Any CPU.ActiveCfg = Release|Any CPU
		{D842093D-4FD5-47FC-B935-4172F397A66F}.Release|Any CPU.Build.0 = Release|Any CPU
		{D842093D-4FD5-47FC-B935-4172F397A66F}.Release|x64.ActiveCfg = Release|Any CPU
		{D842093D-4FD5-47FC-B935-4172F397A66F}.Release|x64.Build.0 = Release|Any CPU
		{D842093D-4FD5-47FC-B935-4172F397A66F}.Release|x86.ActiveCfg = Release|Any CPU
		{D842093D-4FD5-47FC-B935-4172F397A66F}.Release|x86.Build.0 = Release|Any CPU
	EndGlobalSection
	GlobalSection(NestedProjects) = preSolution
		{A68FBB17-F395-4D2F-AFFC-B861FED59BB3} = {09B98441-4BFB-4A8D-841A-80B65B2BA957}
		{C3174CF5-457B-4D2B-B545-ADBB252BFB43} = {09B98441-4BFB-4A8D-841A-80B65B2BA957}
		{0BA191F6-A9B9-43C0-9471-19C4EC3FE24C} = {09B98441-4BFB-4A8D-841A-80B65B2BA957}
		{0FB2EE22-D8EC-439E-AE5C-659E601277B1} = {85223603-B96E-4782-9DAF-F190CB71DC21}
		{6C5261FC-54C2-4D23-A33E-080727473D7E} = {85223603-B96E-4782-9DAF-F190CB71DC21}
		{D842093D-4FD5-47FC-B935-4172F397A66F} = {85223603-B96E-4782-9DAF-F190CB71DC21}
	EndGlobalSection
EndGlobal
